%{
  "briefly": {:hex, :briefly, "0.4.1", "c90c0511e64bde1fe8da7e244e14acf5bc78c3f6d033db778205e1fa2feafa5c", [:mix], [], "hexpm", "fc0cafcd19c4ed0d0906ae5cf627cc6ce76b8652a160c6bde0ab9d77304ebb0a"},
  "ex_git_test": {:hex, :ex_git_test, "0.1.2", "414bea125357a472d00c1fa5789fc2ed7b31ef0a1ab9c57ff91ded0f5e55b45d", [:mix], [{:briefly, "~> 0.4.0", [hex: :briefly, repo: "hexpm", optional: false]}], "hexpm", "bcef00597db796ba15c82f4086a2c66bc4462df22a6ea49531fc957af8e61d76"},
  "ex_lgtv": {:git, "https://github.com/wisq/ex_lgtv.git", "55c9b5b0a759df7baea15c0e1ab18a4bcf0cad86", [tag: "55c9b5b"]},
  "ex_osc": {:hex, :ex_osc, "0.1.2", "15db1b9a767511e00cb259ea406c878c6fd7751a06e1e38f929cc314e327806d", [:mix], [{:gen_stage, "~> 1.2.1", [hex: :gen_stage, repo: "hexpm", optional: false]}], "hexpm", "323e3edab3d9d140001f505a10028a70df0733ab468b98d415fc36bcccfa1758"},
  "file_system": {:hex, :file_system, "0.2.10", "fb082005a9cd1711c05b5248710f8826b02d7d1784e7c3451f9c1231d4fc162d", [:mix], [], "hexpm", "41195edbfb562a593726eda3b3e8b103a309b733ad25f3d642ba49696bf715dc"},
  "gen_stage": {:hex, :gen_stage, "1.2.1", "19d8b5e9a5996d813b8245338a28246307fd8b9c99d1237de199d21efc4c76a1", [:mix], [], "hexpm", "83e8be657fa05b992ffa6ac1e3af6d57aa50aace8f691fcf696ff02f8335b001"},
  "mix_test_watch": {:hex, :mix_test_watch, "1.1.0", "330bb91c8ed271fe408c42d07e0773340a7938d8a0d281d57a14243eae9dc8c3", [:mix], [{:file_system, "~> 0.2.1 or ~> 0.3", [hex: :file_system, repo: "hexpm", optional: false]}], "hexpm", "52b6b1c476cbb70fd899ca5394506482f12e5f6b0d6acff9df95c7f1e0812ec3"},
  "poison": {:hex, :poison, "3.1.0", "d9eb636610e096f86f25d9a46f35a9facac35609a7591b3be3326e99a0484665", [:mix], [], "hexpm", "fec8660eb7733ee4117b85f55799fd3833eb769a6df71ccf8903e8dc5447cfce"},
  "socket": {:hex, :socket, "0.3.13", "98a2ab20ce17f95fb512c5cadddba32b57273e0d2dba2d2e5f976c5969d0c632", [:mix], [], "hexpm", "f82ea9833ef49dde272e6568ab8aac657a636acb4cf44a7de8a935acb8957c2e"},
  "wakeonlan": {:hex, :wakeonlan, "0.1.0", "4e74fbb30cb309979240ced01e0f9fd217d4f05f6e08a0eb84aa32dfee4a2e93", [:mix], [{:socket, "~> 0.3", [hex: :socket, repo: "hexpm", optional: false]}], "hexpm", "20909cc7ac5119ad7af75dbdc1e442af00b5084d707f900d3eb8d7b9fa81676c"},
  "websockex": {:hex, :websockex, "0.4.2", "9a3b7dc25655517ecd3f8ff7109a77fce94956096b942836cdcfbc7c86603ecc", [:mix], [], "hexpm", "803cd76e91544b56f0e655e36790be797fa6436db9224f7c303db9b9df2a3df4"},
}
